[[package]]
category = "main"
description = "Easy-to-import Python module with a basic, efficient, native implementation of the extended Euclidean algorithm."
name = "egcd"
optional = false
python-versions = "*"
version = "0.1.0"

[[package]]
category = "main"
description = "Pure Python library for working with modular arithmetic, congruence classes, and finite fields."
name = "modulo"
optional = false
python-versions = "*"
version = "0.1.0.0"

[package.dependencies]
egcd = "*"

[metadata]
content-hash = "9c93feccdde6618fd4ec08634034c78699cf8c0b5a02c657c1e81832e82c15b1"
python-versions = "^3.8"

[metadata.files]
egcd = [
    {file = "egcd-0.1.0-py3-none-any.whl", hash = "sha256:88da314a511641aff693a59ca5ae72e06d039b151f6036a7fecc5e948a69f8b5"},
    {file = "egcd-0.1.0.tar.gz", hash = "sha256:a00f181bb9ca346c9c717527ab5aba97c2d2582ec5d2c9d008b5297be284ef68"},
]
modulo = [
    {file = "modulo-0.1.0.0.tar.gz", hash = "sha256:b0b022d5b22b547ad9e222570822dc7a18649d34446f9c1675a598cf6ce0939b"},
]
